
Microsoft Visual Studio Solution File, Format Version 12.00
# Visual Studio Version 17
VisualStudioVersion = 17.13.35919.96 d17.13
MinimumVisualStudioVersion = 10.0.40219.1
Project("{8BC9CEB8-8B4A-11D0-8D11-00A0C91BC942}") = "LAB-10", "LAB-10\LAB-10.vcxproj", "{01E1246F-AF36-4E92-A5B1-D1D617E55AC3}"
EndProject
Global
	GlobalSection(SolutionConfigurationPlatforms) = preSolution
		Debug|x64 = Debug|x64
		Debug|x86 = Debug|x86
		Release|x64 = Release|x64
		Release|x86 = Release|x86
	EndGlobalSection
	GlobalSection(ProjectConfigurationPlatforms) = postSolution
		{01E1246F-AF36-4E92-A5B1-D1D617E55AC3}.Debug|x64.ActiveCfg = Debug|x64
		{01E1246F-AF36-4E92-A5B1-D1D617E55AC3}.Debug|x64.Build.0 = Debug|x64
		{01E1246F-AF36-4E92-A5B1-D1D617E55AC3}.Debug|x86.ActiveCfg = Debug|Win32
		{01E1246F-AF36-4E92-A5B1-D1D617E55AC3}.Debug|x86.Build.0 = Debug|Win32
		{01E1246F-AF36-4E92-A5B1-D1D617E55AC3}.Release|x64.ActiveCfg = Release|x64
		{01E1246F-AF36-4E92-A5B1-D1D617E55AC3}.Release|x64.Build.0 = Release|x64
		{01E1246F-AF36-4E92-A5B1-D1D617E55AC3}.Release|x86.ActiveCfg = Release|Win32
		{01E1246F-AF36-4E92-A5B1-D1D617E55AC3}.Release|x86.Build.0 = Release|Win32
	EndGlobalSection
	GlobalSection(SolutionProperties) = preSolution
		HideSolutionNode = FALSE
	EndGlobalSection
	GlobalSection(ExtensibilityGlobals) = postSolution
		SolutionGuid = {CAB27EB3-9099-4DA5-9B88-DA35B09C6CCA}
	EndGlobalSection
EndGlobal
